lockfileVersion: '9.0'

settings:
  autoInstallPeers: true
  excludeLinksFromLockfile: false

importers:

  .:
    devDependencies:
      '@typescript/native-preview':
        specifier: 7.0.0-dev.20260411.1
        version: 7.0.0-dev.20260411.1
      typescript:
        specifier: ^6.0.2
        version: 6.0.2

  packages/core:
    devDependencies:
      '@typescript/native-preview':
        specifier: 7.0.0-dev.20260411.1
        version: 7.0.0-dev.20260411.1
      rimraf:
        specifier: ^6.1.3
        version: 6.1.3
      typescript:
        specifier: ^6.0.2
        version: 6.0.2

packages:

  '@typescript/native-preview-darwin-arm64@7.0.0-dev.20260411.1':
    resolution: {integrity: sha512-qdSDz0o4l4cEZhAn92ayzf7cKiMLrzSp9Xdk5mfaXpiahvxT39fNj5jiwDnRO+kHkHMMIYYL1nQbslSadargyg==}
    cpu: [arm64]
    os: [darwin]

  '@typescript/native-preview-darwin-x64@7.0.0-dev.20260411.1':
    resolution: {integrity: sha512-2Nea85rMeBZe2UV6V8vBVJ3mSFHn4XZ+ceXGFpnfsU2nay0l1ncoYw91JA/yPwM5ui3+pxAYwl8PWLCxlZCB3Q==}
    cpu: [x64]
    os: [darwin]

  '@typescript/native-preview-linux-arm64@7.0.0-dev.20260411.1':
    resolution: {integrity: sha512-5QRz/eMIb1JtojvB0oeBbIc6ZNqZiiMUSRDsyp1qMJacdrs+1fbQ8MYFft5ceJe94mcolGHnbcozwPg8hf5fDg==}
    cpu: [arm64]
    os: [linux]

  '@typescript/native-preview-linux-arm@7.0.0-dev.20260411.1':
    resolution: {integrity: sha512-8/LqqQDp73kvT7aWh3sAFglGaSxtjxHIhEgqZ7XWG7+1aHHJeL1bcmRnk7JyP3BE5SPzs3bQhFC6Cvj6WQwTqQ==}
    cpu: [arm]
    os: [linux]

  '@typescript/native-preview-linux-x64@7.0.0-dev.20260411.1':
    resolution: {integrity: sha512-H5NWP+ot/L+Tn9ds4W/t4Xx/CuxZF4iHDdRx2hCr/O0l8pBBq8C/MBJ/eUgVZXO4lD+8J6eQ7nOlGtJ0SS8Sbg==}
    cpu: [x64]
    os: [linux]

  '@typescript/native-preview-win32-arm64@7.0.0-dev.20260411.1':
    resolution: {integrity: sha512-/Zc1rotE/NS72xNc4UjaEKCBanBsQ/0/fS2sYLcN9yd6p6AYFYzmTWfbGy5qvv1ckXOI0dkOolLzK8nYbrJzbA==}
    cpu: [arm64]
    os: [win32]

  '@typescript/native-preview-win32-x64@7.0.0-dev.20260411.1':
    resolution: {integrity: sha512-PhFL0w2Uz9jKdTtm7uy2PPl3nJiacX24jxzDD0R0eBHOY/49L3V5iD7eyBACPSzyWp0/dD7pPdKSnRbS3nVRng==}
    cpu: [x64]
    os: [win32]

  '@typescript/native-preview@7.0.0-dev.20260411.1':
    resolution: {integrity: sha512-cBk+dPa5x5r9wnh5lz3zSnj7YJM1s/tSCf5owex+OkjJLji3iJu7J9kTH1SvvxA5kmkY76qFYw3vFN9h8W3gBA==}
    hasBin: true

  balanced-match@4.0.4:
    resolution: {integrity: sha512-BLrgEcRTwX2o6gGxGOCNyMvGSp35YofuYzw9h1IMTRmKqttAZZVU67bdb9Pr2vUHA8+j3i2tJfjO6C6+4myGTA==}
    engines: {node: 18 || 20 || >=22}

  brace-expansion@5.0.5:
    resolution: {integrity: sha512-VZznLgtwhn+Mact9tfiwx64fA9erHH/MCXEUfB/0bX/6Fz6ny5EGTXYltMocqg4xFAQZtnO3DHWWXi8RiuN7cQ==}
    engines: {node: 18 || 20 || >=22}

  glob@13.0.6:
    resolution: {integrity: sha512-Wjlyrolmm8uDpm/ogGyXZXb1Z+Ca2B8NbJwqBVg0axK9GbBeoS7yGV6vjXnYdGm6X53iehEuxxbyiKp8QmN4Vw==}
    engines: {node: 18 || 20 || >=22}

  lru-cache@11.3.3:
    resolution: {integrity: sha512-JvNw9Y81y33E+BEYPr0U7omo+U9AySnsMsEiXgwT6yqd31VQWTLNQqmT4ou5eqPFUrTfIDFta2wKhB1hyohtAQ==}
    engines: {node: 20 || >=22}

  minimatch@10.2.5:
    resolution: {integrity: sha512-MULkVLfKGYDFYejP07QOurDLLQpcjk7Fw+7jXS2R2czRQzR56yHRveU5NDJEOviH+hETZKSkIk5c+T23GjFUMg==}
    engines: {node: 18 || 20 || >=22}

  minipass@7.1.3:
    resolution: {integrity: sha512-tEBHqDnIoM/1rXME1zgka9g6Q2lcoCkxHLuc7ODJ5BxbP5d4c2Z5cGgtXAku59200Cx7diuHTOYfSBD8n6mm8A==}
    engines: {node: '>=16 || 14 >=14.17'}

  package-json-from-dist@1.0.1:
    resolution: {integrity: sha512-UEZIS3/by4OC8vL3P2dTXRETpebLI2NiI5vIrjaD/5UtrkFX/tNbwjTSRAGC/+7CAo2pIcBaRgWmcBBHcsaCIw==}

  path-scurry@2.0.2:
    resolution: {integrity: sha512-3O/iVVsJAPsOnpwWIeD+d6z/7PmqApyQePUtCndjatj/9I5LylHvt5qluFaBT3I5h3r1ejfR056c+FCv+NnNXg==}
    engines: {node: 18 || 20 || >=22}

  rimraf@6.1.3:
    resolution: {integrity: sha512-LKg+Cr2ZF61fkcaK1UdkH2yEBBKnYjTyWzTJT6KNPcSPaiT7HSdhtMXQuN5wkTX0Xu72KQ1l8S42rlmexS2hSA==}
    engines: {node: 20 || >=22}
    hasBin: true

  typescript@6.0.2:
    resolution: {integrity: sha512-bGdAIrZ0wiGDo5l8c++HWtbaNCWTS4UTv7RaTH/ThVIgjkveJt83m74bBHMJkuCbslY8ixgLBVZJIOiQlQTjfQ==}
    engines: {node: '>=14.17'}
    hasBin: true

snapshots:

  '@typescript/native-preview-darwin-arm64@7.0.0-dev.20260411.1':
    optional: true

  '@typescript/native-preview-darwin-x64@7.0.0-dev.20260411.1':
    optional: true

  '@typescript/native-preview-linux-arm64@7.0.0-dev.20260411.1':
    optional: true

  '@typescript/native-preview-linux-arm@7.0.0-dev.20260411.1':
    optional: true

  '@typescript/native-preview-linux-x64@7.0.0-dev.20260411.1':
    optional: true

  '@typescript/native-preview-win32-arm64@7.0.0-dev.20260411.1':
    optional: true

  '@typescript/native-preview-win32-x64@7.0.0-dev.20260411.1':
    optional: true

  '@typescript/native-preview@7.0.0-dev.20260411.1':
    optionalDependencies:
      '@typescript/native-preview-darwin-arm64': 7.0.0-dev.20260411.1
      '@typescript/native-preview-darwin-x64': 7.0.0-dev.20260411.1
      '@typescript/native-preview-linux-arm': 7.0.0-dev.20260411.1
      '@typescript/native-preview-linux-arm64': 7.0.0-dev.20260411.1
      '@typescript/native-preview-linux-x64': 7.0.0-dev.20260411.1
      '@typescript/native-preview-win32-arm64': 7.0.0-dev.20260411.1
      '@typescript/native-preview-win32-x64': 7.0.0-dev.20260411.1

  balanced-match@4.0.4: {}

  brace-expansion@5.0.5:
    dependencies:
      balanced-match: 4.0.4

  glob@13.0.6:
    dependencies:
      minimatch: 10.2.5
      minipass: 7.1.3
      path-scurry: 2.0.2

  lru-cache@11.3.3: {}

  minimatch@10.2.5:
    dependencies:
      brace-expansion: 5.0.5

  minipass@7.1.3: {}

  package-json-from-dist@1.0.1: {}

  path-scurry@2.0.2:
    dependencies:
      lru-cache: 11.3.3
      minipass: 7.1.3

  rimraf@6.1.3:
    dependencies:
      glob: 13.0.6
      package-json-from-dist: 1.0.1

  typescript@6.0.2: {}
