lockfileVersion: '9.0'

settings:
  autoInstallPeers: true
  excludeLinksFromLockfile: false

importers:

  .:
    devDependencies:
      '@typescript/native-preview':
        specifier: 7.0.0-dev.20260411.1
        version: 7.0.0-dev.20260411.1
      typescript:
        specifier: ^6.0.2
        version: 6.0.2

  packages/core:
    devDependencies:
      '@typescript/native-preview':
        specifier: 7.0.0-dev.20260411.1
        version: 7.0.0-dev.20260411.1
      typescript:
        specifier: ^6.0.2
        version: 6.0.2

packages:

  '@typescript/native-preview-darwin-arm64@7.0.0-dev.20260411.1':
    resolution: {integrity: sha512-qdSDz0o4l4cEZhAn92ayzf7cKiMLrzSp9Xdk5mfaXpiahvxT39fNj5jiwDnRO+kHkHMMIYYL1nQbslSadargyg==}
    cpu: [arm64]
    os: [darwin]

  '@typescript/native-preview-darwin-x64@7.0.0-dev.20260411.1':
    resolution: {integrity: sha512-2Nea85rMeBZe2UV6V8vBVJ3mSFHn4XZ+ceXGFpnfsU2nay0l1ncoYw91JA/yPwM5ui3+pxAYwl8PWLCxlZCB3Q==}
    cpu: [x64]
    os: [darwin]

  '@typescript/native-preview-linux-arm64@7.0.0-dev.20260411.1':
    resolution: {integrity: sha512-5QRz/eMIb1JtojvB0oeBbIc6ZNqZiiMUSRDsyp1qMJacdrs+1fbQ8MYFft5ceJe94mcolGHnbcozwPg8hf5fDg==}
    cpu: [arm64]
    os: [linux]

  '@typescript/native-preview-linux-arm@7.0.0-dev.20260411.1':
    resolution: {integrity: sha512-8/LqqQDp73kvT7aWh3sAFglGaSxtjxHIhEgqZ7XWG7+1aHHJeL1bcmRnk7JyP3BE5SPzs3bQhFC6Cvj6WQwTqQ==}
    cpu: [arm]
    os: [linux]

  '@typescript/native-preview-linux-x64@7.0.0-dev.20260411.1':
    resolution: {integrity: sha512-H5NWP+ot/L+Tn9ds4W/t4Xx/CuxZF4iHDdRx2hCr/O0l8pBBq8C/MBJ/eUgVZXO4lD+8J6eQ7nOlGtJ0SS8Sbg==}
    cpu: [x64]
    os: [linux]

  '@typescript/native-preview-win32-arm64@7.0.0-dev.20260411.1':
    resolution: {integrity: sha512-/Zc1rotE/NS72xNc4UjaEKCBanBsQ/0/fS2sYLcN9yd6p6AYFYzmTWfbGy5qvv1ckXOI0dkOolLzK8nYbrJzbA==}
    cpu: [arm64]
    os: [win32]

  '@typescript/native-preview-win32-x64@7.0.0-dev.20260411.1':
    resolution: {integrity: sha512-PhFL0w2Uz9jKdTtm7uy2PPl3nJiacX24jxzDD0R0eBHOY/49L3V5iD7eyBACPSzyWp0/dD7pPdKSnRbS3nVRng==}
    cpu: [x64]
    os: [win32]

  '@typescript/native-preview@7.0.0-dev.20260411.1':
    resolution: {integrity: sha512-cBk+dPa5x5r9wnh5lz3zSnj7YJM1s/tSCf5owex+OkjJLji3iJu7J9kTH1SvvxA5kmkY76qFYw3vFN9h8W3gBA==}
    hasBin: true

  typescript@6.0.2:
    resolution: {integrity: sha512-bGdAIrZ0wiGDo5l8c++HWtbaNCWTS4UTv7RaTH/ThVIgjkveJt83m74bBHMJkuCbslY8ixgLBVZJIOiQlQTjfQ==}
    engines: {node: '>=14.17'}
    hasBin: true

snapshots:

  '@typescript/native-preview-darwin-arm64@7.0.0-dev.20260411.1':
    optional: true

  '@typescript/native-preview-darwin-x64@7.0.0-dev.20260411.1':
    optional: true

  '@typescript/native-preview-linux-arm64@7.0.0-dev.20260411.1':
    optional: true

  '@typescript/native-preview-linux-arm@7.0.0-dev.20260411.1':
    optional: true

  '@typescript/native-preview-linux-x64@7.0.0-dev.20260411.1':
    optional: true

  '@typescript/native-preview-win32-arm64@7.0.0-dev.20260411.1':
    optional: true

  '@typescript/native-preview-win32-x64@7.0.0-dev.20260411.1':
    optional: true

  '@typescript/native-preview@7.0.0-dev.20260411.1':
    optionalDependencies:
      '@typescript/native-preview-darwin-arm64': 7.0.0-dev.20260411.1
      '@typescript/native-preview-darwin-x64': 7.0.0-dev.20260411.1
      '@typescript/native-preview-linux-arm': 7.0.0-dev.20260411.1
      '@typescript/native-preview-linux-arm64': 7.0.0-dev.20260411.1
      '@typescript/native-preview-linux-x64': 7.0.0-dev.20260411.1
      '@typescript/native-preview-win32-arm64': 7.0.0-dev.20260411.1
      '@typescript/native-preview-win32-x64': 7.0.0-dev.20260411.1

  typescript@6.0.2: {}
